
Microsoft Visual Studio Solution File, Format Version 12.00
# Visual Studio 15
VisualStudioVersion = 15.0.28307.329
MinimumVisualStudioVersion = 10.0.40219.1
Project("{FAE04EC0-301F-11D3-BF4B-00C04F79EFBC}") = "NexApp", "NexApp\NexApp.csproj", "{93AB8DF0-87B8-493A-85D7-25044538AE04}"
EndProject
Project("{FAE04EC0-301F-11D3-BF4B-00C04F79EFBC}") = "NexApp.Tests", "NexApp.Tests\NexApp.Tests.csproj", "{145EE706-E3A0-47A8-8AC2-7D481EEE2622}"
EndProject
Global
	GlobalSection(SolutionConfigurationPlatforms) = preSolution
		Debug|Any CPU = Debug|Any CPU
		Release|Any CPU = Release|Any CPU
	EndGlobalSection
	GlobalSection(ProjectConfigurationPlatforms) = postSolution
		{93AB8DF0-87B8-493A-85D7-25044538AE04}.Debug|Any CPU.ActiveCfg = Debug|Any CPU
		{93AB8DF0-87B8-493A-85D7-25044538AE04}.Debug|Any CPU.Build.0 = Debug|Any CPU
		{93AB8DF0-87B8-493A-85D7-25044538AE04}.Release|Any CPU.ActiveCfg = Release|Any CPU
		{93AB8DF0-87B8-493A-85D7-25044538AE04}.Release|Any CPU.Build.0 = Release|Any CPU
		{145EE706-E3A0-47A8-8AC2-7D481EEE2622}.Debug|Any CPU.ActiveCfg = Debug|Any CPU
		{145EE706-E3A0-47A8-8AC2-7D481EEE2622}.Debug|Any CPU.Build.0 = Debug|Any CPU
		{145EE706-E3A0-47A8-8AC2-7D481EEE2622}.Release|Any CPU.ActiveCfg = Release|Any CPU
		{145EE706-E3A0-47A8-8AC2-7D481EEE2622}.Release|Any CPU.Build.0 = Release|Any CPU
	EndGlobalSection
	GlobalSection(SolutionProperties) = preSolution
		HideSolutionNode = FALSE
	EndGlobalSection
	GlobalSection(ExtensibilityGlobals) = postSolution
		SolutionGuid = {5E8A0A1A-B45A-4C36-B57C-32B45D7DFCA6}
	EndGlobalSection
EndGlobal
